
Microsoft Visual Studio Solution File, Format Version 12.00
# Visual Studio Version 17
VisualStudioVersion = 17.8.34330.188
MinimumVisualStudioVersion = 10.0.40219.1
Project("{2150E333-8FDC-42A3-9474-1A3956D46DE8}") = "APIGateway", "APIGateway", "{DF580EC7-0532-4048-9F2C-5097137B7CD1}"
EndProject
Project("{2150E333-8FDC-42A3-9474-1A3956D46DE8}") = "Common", "Common", "{923997F3-B5E6-489D-B2B7-BF684A365BE1}"
EndProject
Project("{9A19103F-16F7-4668-BE54-9A1E7A4F7556}") = "Core.Domain", "Common\Core.Domain\Core.Domain.csproj", "{00786937-1CA5-485E-A0EB-DB18BD7398DF}"
EndProject
Project("{2150E333-8FDC-42A3-9474-1A3956D46DE8}") = "MicroServices", "MicroServices", "{46359C6A-2D91-4F16-8AF0-8FAEC921DE70}"
EndProject
Project("{2150E333-8FDC-42A3-9474-1A3956D46DE8}") = "ProjectService", "ProjectService", "{2AF593CD-CEE8-4BAF-BAC0-78BC40387081}"
EndProject
Project("{2150E333-8FDC-42A3-9474-1A3956D46DE8}") = "Web", "Web", "{A6794BA5-7038-4F0B-A3D5-B72495A95117}"
EndProject
Project("{9A19103F-16F7-4668-BE54-9A1E7A4F7556}") = "LearnWeb", "Web\LearnWeb\LearnWeb.csproj", "{3A96AB54-A058-4B94-AF08-2AA87D3879C7}"
EndProject
Project("{2150E333-8FDC-42A3-9474-1A3956D46DE8}") = "CommonService", "CommonService", "{08038952-6769-4D74-821F-C93E869ED24E}"
EndProject
Project("{9A19103F-16F7-4668-BE54-9A1E7A4F7556}") = "Gateway.API", "APIGateway\Gateway.API\Gateway.API.csproj", "{3AE18670-C86C-4E1C-8111-CE15A8060156}"
EndProject
Project("{9A19103F-16F7-4668-BE54-9A1E7A4F7556}") = "Project.API", "MicroServices\ProjectService\Project.API\Project.API.csproj", "{7CACF84A-8978-405D-A903-A692003864B0}"
EndProject
Project("{9A19103F-16F7-4668-BE54-9A1E7A4F7556}") = "Common.API", "MicroServices\CommonService\Common.API\Common.API.csproj", "{A9839E96-A9B6-473D-A458-48F1412FB802}"
EndProject
Project("{FAE04EC0-301F-11D3-BF4B-00C04F79EFBC}") = "Core.Service", "Common\Core.Service\Core.Service.csproj", "{D44F8B53-0C1A-4C22-9DC9-FE5B84513B23}"
EndProject
Global
	GlobalSection(SolutionConfigurationPlatforms) = preSolution
		Debug|Any CPU = Debug|Any CPU
		Release|Any CPU = Release|Any CPU
	EndGlobalSection
	GlobalSection(ProjectConfigurationPlatforms) = postSolution
		{00786937-1CA5-485E-A0EB-DB18BD7398DF}.Debug|Any CPU.ActiveCfg = Debug|Any CPU
		{00786937-1CA5-485E-A0EB-DB18BD7398DF}.Debug|Any CPU.Build.0 = Debug|Any CPU
		{00786937-1CA5-485E-A0EB-DB18BD7398DF}.Release|Any CPU.ActiveCfg = Release|Any CPU
		{00786937-1CA5-485E-A0EB-DB18BD7398DF}.Release|Any CPU.Build.0 = Release|Any CPU
		{3A96AB54-A058-4B94-AF08-2AA87D3879C7}.Debug|Any CPU.ActiveCfg = Debug|Any CPU
		{3A96AB54-A058-4B94-AF08-2AA87D3879C7}.Debug|Any CPU.Build.0 = Debug|Any CPU
		{3A96AB54-A058-4B94-AF08-2AA87D3879C7}.Release|Any CPU.ActiveCfg = Release|Any CPU
		{3A96AB54-A058-4B94-AF08-2AA87D3879C7}.Release|Any CPU.Build.0 = Release|Any CPU
		{3AE18670-C86C-4E1C-8111-CE15A8060156}.Debug|Any CPU.ActiveCfg = Debug|Any CPU
		{3AE18670-C86C-4E1C-8111-CE15A8060156}.Debug|Any CPU.Build.0 = Debug|Any CPU
		{3AE18670-C86C-4E1C-8111-CE15A8060156}.Release|Any CPU.ActiveCfg = Release|Any CPU
		{3AE18670-C86C-4E1C-8111-CE15A8060156}.Release|Any CPU.Build.0 = Release|Any CPU
		{7CACF84A-8978-405D-A903-A692003864B0}.Debug|Any CPU.ActiveCfg = Debug|Any CPU
		{7CACF84A-8978-405D-A903-A692003864B0}.Debug|Any CPU.Build.0 = Debug|Any CPU
		{7CACF84A-8978-405D-A903-A692003864B0}.Release|Any CPU.ActiveCfg = Release|Any CPU
		{7CACF84A-8978-405D-A903-A692003864B0}.Release|Any CPU.Build.0 = Release|Any CPU
		{A9839E96-A9B6-473D-A458-48F1412FB802}.Debug|Any CPU.ActiveCfg = Debug|Any CPU
		{A9839E96-A9B6-473D-A458-48F1412FB802}.Debug|Any CPU.Build.0 = Debug|Any CPU
		{A9839E96-A9B6-473D-A458-48F1412FB802}.Release|Any CPU.ActiveCfg = Release|Any CPU
		{A9839E96-A9B6-473D-A458-48F1412FB802}.Release|Any CPU.Build.0 = Release|Any CPU
		{D44F8B53-0C1A-4C22-9DC9-FE5B84513B23}.Debug|Any CPU.ActiveCfg = Debug|Any CPU
		{D44F8B53-0C1A-4C22-9DC9-FE5B84513B23}.Debug|Any CPU.Build.0 = Debug|Any CPU
		{D44F8B53-0C1A-4C22-9DC9-FE5B84513B23}.Release|Any CPU.ActiveCfg = Release|Any CPU
		{D44F8B53-0C1A-4C22-9DC9-FE5B84513B23}.Release|Any CPU.Build.0 = Release|Any CPU
	EndGlobalSection
	GlobalSection(SolutionProperties) = preSolution
		HideSolutionNode = FALSE
	EndGlobalSection
	GlobalSection(NestedProjects) = preSolution
		{00786937-1CA5-485E-A0EB-DB18BD7398DF} = {923997F3-B5E6-489D-B2B7-BF684A365BE1}
		{2AF593CD-CEE8-4BAF-BAC0-78BC40387081} = {46359C6A-2D91-4F16-8AF0-8FAEC921DE70}
		{3A96AB54-A058-4B94-AF08-2AA87D3879C7} = {A6794BA5-7038-4F0B-A3D5-B72495A95117}
		{08038952-6769-4D74-821F-C93E869ED24E} = {46359C6A-2D91-4F16-8AF0-8FAEC921DE70}
		{3AE18670-C86C-4E1C-8111-CE15A8060156} = {DF580EC7-0532-4048-9F2C-5097137B7CD1}
		{7CACF84A-8978-405D-A903-A692003864B0} = {2AF593CD-CEE8-4BAF-BAC0-78BC40387081}
		{A9839E96-A9B6-473D-A458-48F1412FB802} = {08038952-6769-4D74-821F-C93E869ED24E}
		{D44F8B53-0C1A-4C22-9DC9-FE5B84513B23} = {923997F3-B5E6-489D-B2B7-BF684A365BE1}
	EndGlobalSection
	GlobalSection(ExtensibilityGlobals) = postSolution
		SolutionGuid = {39874165-1759-40B0-B8CC-6F2A953FB60A}
	EndGlobalSection
EndGlobal
